GEM
  remote: https://rubygems.org/
  specs:
    childprocess (0.5.8)
      ffi (~> 1.0, >= 1.0.11)
    ffi (1.9.10-x86-mingw32)
    multi_json (1.11.2)
    rubyzip (1.1.7)
    selenium-webdriver (2.48.1)
      childprocess (~> 0.5)
      multi_json (~> 1.0)
      rubyzip (~> 1.0)
      websocket (~> 1.0)
    websocket (1.2.2)

PLATFORMS
  x86-mingw32

DEPENDENCIES
  selenium-webdriver (= 2.48.1)!

BUNDLED WITH
   1.10.6
